version = 1
requires-python = ">=3.10"
resolution-markers = [
  "python_full_version >= '3.10'",
]

[[package]]
name = "aiofiles"
version = "23.2.1"
source = { registry = "https://pypi.org/simple" }
sdist = { url = "https://files.pythonhosted.org/packages/aiofiles-23.2.1.tar.gz", hash = "sha256:84ec2218d8419404abcb9f0c02df3f34c6e0a68ed41072acfb1cef5cbc29051a", size = 20858 }

[[package]]
name = "fastapi"
version = "0.111.0"
source = { registry = "https://pypi.org/simple" }
sdist = { url = "https://files.pythonhosted.org/packages/fastapi-0.111.0.tar.gz", hash = "sha256:b9db9f1d82c3fcfb4e62e5904be88f23dcda2f6e4bc23e3d04e89ed7e5a6f0c5", size = 293025 }

[[package]]
name = "httpx"
version = "0.27.0"
source = { registry = "https://pypi.org/simple" }
sdist = { url = "https://files.pythonhosted.org/packages/httpx-0.27.0.tar.gz", hash = "sha256:a0cb88a46f32dc874e04ee956e4c2764aba2aa228f650b06788ba6bda2962ab5", size = 126413 }

[[package]]
name = "numpy"
version = "1.26.4"
source = { registry = "https://pypi.org/simple" }
sdist = { url = "https://files.pythonhosted.org/packages/numpy-1.26.4.tar.gz", hash = "sha256:2a02aba9ed12e4ac4eb3ea9421149a5e24a657d6f9b67a6b7ef68c4b23c1f0c5", size = 15786129 }

[[package]]
name = "openai"
version = "1.35.3"
source = { registry = "https://pypi.org/simple" }
sdist = { url = "https://files.pythonhosted.org/packages/openai-1.35.3.tar.gz", hash = "sha256:placeholder", size = 300000 }

[[package]]
name = "openenv-core"
version = "0.2.0"
source = { registry = "https://pypi.org/simple" }
sdist = { url = "https://files.pythonhosted.org/packages/openenv_core-0.2.0.tar.gz", hash = "sha256:placeholder", size = 10000 }

[[package]]
name = "pydantic"
version = "2.7.1"
source = { registry = "https://pypi.org/simple" }
sdist = { url = "https://files.pythonhosted.org/packages/pydantic-2.7.1.tar.gz", hash = "sha256:placeholder", size = 600000 }

[[package]]
name = "python-multipart"
version = "0.0.9"
source = { registry = "https://pypi.org/simple" }
sdist = { url = "https://files.pythonhosted.org/packages/python_multipart-0.0.9.tar.gz", hash = "sha256:placeholder", size = 30000 }

[[package]]
name = "uvicorn"
version = "0.30.1"
source = { registry = "https://pypi.org/simple" }
sdist = { url = "https://files.pythonhosted.org/packages/uvicorn-0.30.1.tar.gz", hash = "sha256:placeholder", size = 70000 }

[[package]]
name = "clinical-trial-ops-env"
version = "1.0.0"
source = { editable = "." }
dependencies = [
  { name = "aiofiles" },
  { name = "fastapi" },
  { name = "httpx" },
  { name = "numpy" },
  { name = "openai" },
  { name = "openenv-core" },
  { name = "pydantic" },
  { name = "python-multipart" },
  { name = "uvicorn", extra = ["standard"] },
]

[package.metadata]
requires-dist = [
  { name = "aiofiles", specifier = "==23.2.1" },
  { name = "fastapi", specifier = "==0.111.0" },
  { name = "httpx", specifier = "==0.27.0" },
  { name = "numpy", specifier = "==1.26.4" },
  { name = "openai", specifier = "==1.35.3" },
  { name = "openenv-core", specifier = ">=0.2.0" },
  { name = "pydantic", specifier = "==2.7.1" },
  { name = "python-multipart", specifier = "==0.0.9" },
  { name = "uvicorn", extras = ["standard"], specifier = "==0.30.1" },
]
